
Microsoft Visual Studio Solution File, Format Version 12.00
# Visual Studio 15
VisualStudioVersion = 15.0.27428.2015
MinimumVisualStudioVersion = 10.0.40219.1
Project("{FAE04EC0-301F-11D3-BF4B-00C04F79EFBC}") = "KerbalStore", "KerbalStore\KerbalStore.csproj", "{2E982DF7-ED28-4A15-8EDA-414548A36CAC}"
EndProject
Global
	GlobalSection(SolutionConfigurationPlatforms) = preSolution
		Debug|Any CPU = Debug|Any CPU
		Release|Any CPU = Release|Any CPU
	EndGlobalSection
	GlobalSection(ProjectConfigurationPlatforms) = postSolution
		{2E982DF7-ED28-4A15-8EDA-414548A36CAC}.Debug|Any CPU.ActiveCfg = Debug|Any CPU
		{2E982DF7-ED28-4A15-8EDA-414548A36CAC}.Debug|Any CPU.Build.0 = Debug|Any CPU
		{2E982DF7-ED28-4A15-8EDA-414548A36CAC}.Release|Any CPU.ActiveCfg = Release|Any CPU
		{2E982DF7-ED28-4A15-8EDA-414548A36CAC}.Release|Any CPU.Build.0 = Release|Any CPU
	EndGlobalSection
	GlobalSection(SolutionProperties) = preSolution
		HideSolutionNode = FALSE
	EndGlobalSection
	GlobalSection(ExtensibilityGlobals) = postSolution
		SolutionGuid = {AAFB69FC-86A1-42F3-BC9F-0FA220EDB0FF}
	EndGlobalSection
EndGlobal
