
Microsoft Visual Studio Solution File, Format Version 12.00
# Visual Studio 15
VisualStudioVersion = 15.0.27428.2015
MinimumVisualStudioVersion = 10.0.40219.1
Project("{FAE04EC0-301F-11D3-BF4B-00C04F79EFBC}") = "Kerbal.Core", "Kerbal.Core\Kerbal.Core.csproj", "{63AF5667-56A1-4CEB-B03E-3DC1764FD7B7}"
EndProject
Project("{FAE04EC0-301F-11D3-BF4B-00C04F79EFBC}") = "Kerbal.Data", "Kerbal.Data\Kerbal.Data.csproj", "{59DD9F1A-7012-4C7C-8284-45E55EB4D242}"
EndProject
Project("{FAE04EC0-301F-11D3-BF4B-00C04F79EFBC}") = "Kerbal.Test", "Kerbal.Test\Kerbal.Test.csproj", "{690FC4EA-ABEB-4B1C-B897-871A872A5E75}"
EndProject
Project("{FAE04EC0-301F-11D3-BF4B-00C04F79EFBC}") = "Kerbal.Contracts", "Kerbal.Contracts\Kerbal.Contracts.csproj", "{97053E4D-E951-42D2-9F65-014DA5D3C138}"
EndProject
Project("{FAE04EC0-301F-11D3-BF4B-00C04F79EFBC}") = "Kerbal.Service", "Kerbal.Service\Kerbal.Service.csproj", "{AD754257-F621-4145-ADBA-937A79CBC0D6}"
EndProject
Project("{2150E333-8FDC-42A3-9474-1A3956D46DE8}") = "Hosting", "Hosting", "{95DF10AC-7EFF-4B21-B0DE-A983B538D8FD}"
EndProject
Project("{FAE04EC0-301F-11D3-BF4B-00C04F79EFBC}") = "Kerbal.ConsoleApp", "Kerbal.ConsoleApp\Kerbal.ConsoleApp.csproj", "{620F6E2C-BE2B-43F5-B845-F32C4F0734CA}"
EndProject
Project("{FAE04EC0-301F-11D3-BF4B-00C04F79EFBC}") = "Kerbal.WebApp", "Kerbal.WebApp\Kerbal.WebApp.csproj", "{55275562-0A8D-4AB9-9ACC-F644B6D27484}"
EndProject
Project("{FAE04EC0-301F-11D3-BF4B-00C04F79EFBC}") = "Kerbal.WpfApp", "Kerbal.WpfApp\Kerbal.WpfApp.csproj", "{F07AD0C6-9215-4F3C-9214-6BA98373787E}"
EndProject
Global
	GlobalSection(SolutionConfigurationPlatforms) = preSolution
		Debug|Any CPU = Debug|Any CPU
		Release|Any CPU = Release|Any CPU
	EndGlobalSection
	GlobalSection(ProjectConfigurationPlatforms) = postSolution
		{63AF5667-56A1-4CEB-B03E-3DC1764FD7B7}.Debug|Any CPU.ActiveCfg = Debug|Any CPU
		{63AF5667-56A1-4CEB-B03E-3DC1764FD7B7}.Debug|Any CPU.Build.0 = Debug|Any CPU
		{63AF5667-56A1-4CEB-B03E-3DC1764FD7B7}.Release|Any CPU.ActiveCfg = Release|Any CPU
		{63AF5667-56A1-4CEB-B03E-3DC1764FD7B7}.Release|Any CPU.Build.0 = Release|Any CPU
		{59DD9F1A-7012-4C7C-8284-45E55EB4D242}.Debug|Any CPU.ActiveCfg = Debug|Any CPU
		{59DD9F1A-7012-4C7C-8284-45E55EB4D242}.Debug|Any CPU.Build.0 = Debug|Any CPU
		{59DD9F1A-7012-4C7C-8284-45E55EB4D242}.Release|Any CPU.ActiveCfg = Release|Any CPU
		{59DD9F1A-7012-4C7C-8284-45E55EB4D242}.Release|Any CPU.Build.0 = Release|Any CPU
		{690FC4EA-ABEB-4B1C-B897-871A872A5E75}.Debug|Any CPU.ActiveCfg = Debug|Any CPU
		{690FC4EA-ABEB-4B1C-B897-871A872A5E75}.Debug|Any CPU.Build.0 = Debug|Any CPU
		{690FC4EA-ABEB-4B1C-B897-871A872A5E75}.Release|Any CPU.ActiveCfg = Release|Any CPU
		{690FC4EA-ABEB-4B1C-B897-871A872A5E75}.Release|Any CPU.Build.0 = Release|Any CPU
		{97053E4D-E951-42D2-9F65-014DA5D3C138}.Debug|Any CPU.ActiveCfg = Debug|Any CPU
		{97053E4D-E951-42D2-9F65-014DA5D3C138}.Debug|Any CPU.Build.0 = Debug|Any CPU
		{97053E4D-E951-42D2-9F65-014DA5D3C138}.Release|Any CPU.ActiveCfg = Release|Any CPU
		{97053E4D-E951-42D2-9F65-014DA5D3C138}.Release|Any CPU.Build.0 = Release|Any CPU
		{AD754257-F621-4145-ADBA-937A79CBC0D6}.Debug|Any CPU.ActiveCfg = Debug|Any CPU
		{AD754257-F621-4145-ADBA-937A79CBC0D6}.Debug|Any CPU.Build.0 = Debug|Any CPU
		{AD754257-F621-4145-ADBA-937A79CBC0D6}.Release|Any CPU.ActiveCfg = Release|Any CPU
		{AD754257-F621-4145-ADBA-937A79CBC0D6}.Release|Any CPU.Build.0 = Release|Any CPU
		{620F6E2C-BE2B-43F5-B845-F32C4F0734CA}.Debug|Any CPU.ActiveCfg = Debug|Any CPU
		{620F6E2C-BE2B-43F5-B845-F32C4F0734CA}.Debug|Any CPU.Build.0 = Debug|Any CPU
		{620F6E2C-BE2B-43F5-B845-F32C4F0734CA}.Release|Any CPU.ActiveCfg = Release|Any CPU
		{620F6E2C-BE2B-43F5-B845-F32C4F0734CA}.Release|Any CPU.Build.0 = Release|Any CPU
		{55275562-0A8D-4AB9-9ACC-F644B6D27484}.Debug|Any CPU.ActiveCfg = Debug|Any CPU
		{55275562-0A8D-4AB9-9ACC-F644B6D27484}.Debug|Any CPU.Build.0 = Debug|Any CPU
		{55275562-0A8D-4AB9-9ACC-F644B6D27484}.Release|Any CPU.ActiveCfg = Release|Any CPU
		{55275562-0A8D-4AB9-9ACC-F644B6D27484}.Release|Any CPU.Build.0 = Release|Any CPU
		{F07AD0C6-9215-4F3C-9214-6BA98373787E}.Debug|Any CPU.ActiveCfg = Debug|Any CPU
		{F07AD0C6-9215-4F3C-9214-6BA98373787E}.Debug|Any CPU.Build.0 = Debug|Any CPU
		{F07AD0C6-9215-4F3C-9214-6BA98373787E}.Release|Any CPU.ActiveCfg = Release|Any CPU
		{F07AD0C6-9215-4F3C-9214-6BA98373787E}.Release|Any CPU.Build.0 = Release|Any CPU
	EndGlobalSection
	GlobalSection(SolutionProperties) = preSolution
		HideSolutionNode = FALSE
	EndGlobalSection
	GlobalSection(NestedProjects) = preSolution
		{620F6E2C-BE2B-43F5-B845-F32C4F0734CA} = {95DF10AC-7EFF-4B21-B0DE-A983B538D8FD}
		{55275562-0A8D-4AB9-9ACC-F644B6D27484} = {95DF10AC-7EFF-4B21-B0DE-A983B538D8FD}
		{F07AD0C6-9215-4F3C-9214-6BA98373787E} = {95DF10AC-7EFF-4B21-B0DE-A983B538D8FD}
	EndGlobalSection
	GlobalSection(ExtensibilityGlobals) = postSolution
		SolutionGuid = {414CCD8A-6290-4382-8517-49CF26BC7E3E}
	EndGlobalSection
EndGlobal
