
Microsoft Visual Studio Solution File, Format Version 12.00
# Visual Studio 15
VisualStudioVersion = 15.0.27428.2015
MinimumVisualStudioVersion = 10.0.40219.1
Project("{FAE04EC0-301F-11D3-BF4B-00C04F79EFBC}") = "XSLTExercise1", "XSLTExercise1\XSLTExercise1.csproj", "{BABBCD52-0A45-4BF0-A237-E424EC2C6D4D}"
EndProject
Global
	GlobalSection(SolutionConfigurationPlatforms) = preSolution
		Debug|Any CPU = Debug|Any CPU
		Release|Any CPU = Release|Any CPU
	EndGlobalSection
	GlobalSection(ProjectConfigurationPlatforms) = postSolution
		{BABBCD52-0A45-4BF0-A237-E424EC2C6D4D}.Debug|Any CPU.ActiveCfg = Debug|Any CPU
		{BABBCD52-0A45-4BF0-A237-E424EC2C6D4D}.Debug|Any CPU.Build.0 = Debug|Any CPU
		{BABBCD52-0A45-4BF0-A237-E424EC2C6D4D}.Release|Any CPU.ActiveCfg = Release|Any CPU
		{BABBCD52-0A45-4BF0-A237-E424EC2C6D4D}.Release|Any CPU.Build.0 = Release|Any CPU
	EndGlobalSection
	GlobalSection(SolutionProperties) = preSolution
		HideSolutionNode = FALSE
	EndGlobalSection
	GlobalSection(ExtensibilityGlobals) = postSolution
		SolutionGuid = {02B393BB-265C-4998-AEF7-1CB8F8CD6CF4}
	EndGlobalSection
EndGlobal
