
Microsoft Visual Studio Solution File, Format Version 12.00
# Visual Studio 15
VisualStudioVersion = 15.0.27428.2015
MinimumVisualStudioVersion = 10.0.40219.1
Project("{FAE04EC0-301F-11D3-BF4B-00C04F79EFBC}") = "FundamentalsConsoleApp", "FundamentalsConsoleApp\FundamentalsConsoleApp.csproj", "{0E4E84D9-12DC-4E8E-9942-D231D77F2312}"
EndProject
Project("{FAE04EC0-301F-11D3-BF4B-00C04F79EFBC}") = "Tests", "Tests\Tests.csproj", "{548D4D4C-AEE3-40E2-90A9-64E19B6C53F2}"
EndProject
Global
	GlobalSection(SolutionConfigurationPlatforms) = preSolution
		Debug|Any CPU = Debug|Any CPU
		Release|Any CPU = Release|Any CPU
	EndGlobalSection
	GlobalSection(ProjectConfigurationPlatforms) = postSolution
		{0E4E84D9-12DC-4E8E-9942-D231D77F2312}.Debug|Any CPU.ActiveCfg = Debug|Any CPU
		{0E4E84D9-12DC-4E8E-9942-D231D77F2312}.Debug|Any CPU.Build.0 = Debug|Any CPU
		{0E4E84D9-12DC-4E8E-9942-D231D77F2312}.Release|Any CPU.ActiveCfg = Release|Any CPU
		{0E4E84D9-12DC-4E8E-9942-D231D77F2312}.Release|Any CPU.Build.0 = Release|Any CPU
		{548D4D4C-AEE3-40E2-90A9-64E19B6C53F2}.Debug|Any CPU.ActiveCfg = Debug|Any CPU
		{548D4D4C-AEE3-40E2-90A9-64E19B6C53F2}.Debug|Any CPU.Build.0 = Debug|Any CPU
		{548D4D4C-AEE3-40E2-90A9-64E19B6C53F2}.Release|Any CPU.ActiveCfg = Release|Any CPU
		{548D4D4C-AEE3-40E2-90A9-64E19B6C53F2}.Release|Any CPU.Build.0 = Release|Any CPU
	EndGlobalSection
	GlobalSection(SolutionProperties) = preSolution
		HideSolutionNode = FALSE
	EndGlobalSection
	GlobalSection(ExtensibilityGlobals) = postSolution
		SolutionGuid = {3E8670DF-F96C-4B46-AC0B-1F0F870EA2AA}
	EndGlobalSection
EndGlobal
